<?xml version="1.0" encoding="UTF-8"?>
<Scheme
   version = "1.3">
   <BuildAction>
      <BuildActionEntries>
         <BuildActionEntry
            buildForRunning = "YES">
            <BuildableReference
               BuildableIdentifier = "primary"
               BlueprintIdentifier = "7B5BF8CE21AC14DD000E5FF6"
               BuildableName = "RatpMetro.app"
               BlueprintName = "RatpMetro"
               ReferencedContainer = "container:RatpMetro.xcodeproj">
            </BuildableReference>
         </BuildActionEntry>
      </BuildActionEntries>
   </BuildAction>
   <LaunchAction
      useCustomWorkingDirectory = "NO"
      buildConfiguration = "Debug"
      allowLocationSimulation = "YES">
      <BuildableProductRunnable>
         <BuildableReference
            BuildableIdentifier = "primary"
            BlueprintIdentifier = "7B5BF8CE21AC14DD000E5FF6"
            BuildableName = "RatpMetro.app"
            BlueprintName = "RatpMetro"
            ReferencedContainer = "container:RatpMetro.xcodeproj">
         </BuildableReference>
      </BuildableProductRunnable>
   </LaunchAction>
</Scheme>
